
Microsoft Visual Studio Solution File, Format Version 12.00
# Visual Studio 15
VisualStudioVersion = 15.0.28307.329
MinimumVisualStudioVersion = 10.0.40219.1
Project("{FAE04EC0-301F-11D3-BF4B-00C04F79EFBC}") = "MerchantSystem", "MerchantSystem\MerchantSystem.csproj", "{175DA5ED-C1A2-47D1-8999-A7E13100DAF8}"
EndProject
Global
	GlobalSection(SolutionConfigurationPlatforms) = preSolution
		Debug|Any CPU = Debug|Any CPU
		Release|Any CPU = Release|Any CPU
	EndGlobalSection
	GlobalSection(ProjectConfigurationPlatforms) = postSolution
		{175DA5ED-C1A2-47D1-8999-A7E13100DAF8}.Debug|Any CPU.ActiveCfg = Debug|Any CPU
		{175DA5ED-C1A2-47D1-8999-A7E13100DAF8}.Debug|Any CPU.Build.0 = Debug|Any CPU
		{175DA5ED-C1A2-47D1-8999-A7E13100DAF8}.Release|Any CPU.ActiveCfg = Release|Any CPU
		{175DA5ED-C1A2-47D1-8999-A7E13100DAF8}.Release|Any CPU.Build.0 = Release|Any CPU
	EndGlobalSection
	GlobalSection(SolutionProperties) = preSolution
		HideSolutionNode = FALSE
	EndGlobalSection
	GlobalSection(ExtensibilityGlobals) = postSolution
		SolutionGuid = {3251406A-F90A-4040-AE04-331C856C08FB}
	EndGlobalSection
EndGlobal
